
Microsoft Visual Studio Solution File, Format Version 12.00
# Visual Studio Version 16
VisualStudioVersion = 16.0.31911.196
MinimumVisualStudioVersion = 10.0.40219.1
Project("{FAE04EC0-301F-11D3-BF4B-00C04F79EFBC}") = "Vista", "Vista\Vista.csproj", "{C437B716-385A-4493-9D5A-187022BA4EB6}"
EndProject
Global
	GlobalSection(SolutionConfigurationPlatforms) = preSolution
		Debug|Any CPU = Debug|Any CPU
		Release|Any CPU = Release|Any CPU
	EndGlobalSection
	GlobalSection(ProjectConfigurationPlatforms) = postSolution
		{C437B716-385A-4493-9D5A-187022BA4EB6}.Debug|Any CPU.ActiveCfg = Debug|Any CPU
		{C437B716-385A-4493-9D5A-187022BA4EB6}.Debug|Any CPU.Build.0 = Debug|Any CPU
		{C437B716-385A-4493-9D5A-187022BA4EB6}.Release|Any CPU.ActiveCfg = Release|Any CPU
		{C437B716-385A-4493-9D5A-187022BA4EB6}.Release|Any CPU.Build.0 = Release|Any CPU
	EndGlobalSection
	GlobalSection(SolutionProperties) = preSolution
		HideSolutionNode = FALSE
	EndGlobalSection
	GlobalSection(ExtensibilityGlobals) = postSolution
		SolutionGuid = {2691FED5-BED7-44F4-A48F-3BFB81D13F3D}
	EndGlobalSection
EndGlobal
